// !$*UTF8*$!
{
	archiveVersion = 1;
	classes = {
	};
	objectVersion = 46;
	objects = {

/* Begin PBXBuildFile section */
		31275A9C1A91322A0098C13C /* BookmarkTableViewCell.m in Sources */ = {isa = PBXBuildFile; fileRef = 31275A9B1A91322A0098C13C /* BookmarkTableViewCell.m */; };
		3147A9CB1A95A68400E1A97C /* Settings.bundle in Resources */ = {isa = PBXBuildFile; fileRef = 3147A9CA1A95A68400E1A97C /* Settings.bundle */; };
		31A9895B1A91C932004BEE4D /* BookmarkTableViewController.m in Sources */ = {isa = PBXBuildFile; fileRef = 31A9895A1A91C932004BEE4D /* BookmarkTableViewController.m */; };
		31C42B8D1A9273F400F1616D /* UIKit.framework in Frameworks */ = {isa = PBXBuildFile; fileRef = 31C42B8C1A9273F400F1616D /* UIKit.framework */; };
		31C42B8F1A9273FA00F1616D /* Social.framework in Frameworks */ = {isa = PBXBuildFile; fileRef = 31C42B8E1A9273FA00F1616D /* Social.framework */; };
		31DF260B1A8EBECF009C1ADE /* main.m in Sources */ = {isa = PBXBuildFile; fileRef = 31DF260A1A8EBECF009C1ADE /* main.m */; };
		31DF260E1A8EBECF009C1ADE /* AppDelegate.m in Sources */ = {isa = PBXBuildFile; fileRef = 31DF260D1A8EBECF009C1ADE /* AppDelegate.m */; };
		31DF26111A8EBECF009C1ADE /* MasterViewController.m in Sources */ = {isa = PBXBuildFile; fileRef = 31DF26101A8EBECF009C1ADE /* MasterViewController.m */; };
		31DF26141A8EBECF009C1ADE /* DetailViewController.m in Sources */ = {isa = PBXBuildFile; fileRef = 31DF26131A8EBECF009C1ADE /* DetailViewController.m */; };
		31DF26171A8EBECF009C1ADE /* Main.storyboard in Resources */ = {isa = PBXBuildFile; fileRef = 31DF26151A8EBECF009C1ADE /* Main.storyboard */; };
		31DF26191A8EBECF009C1ADE /* Images.xcassets in Resources */ = {isa = PBXBuildFile; fileRef = 31DF26181A8EBECF009C1ADE /* Images.xcassets */; };
		31DF261C1A8EBECF009C1ADE /* LaunchScreen.xib in Resources */ = {isa = PBXBuildFile; fileRef = 31DF261A1A8EBECF009C1ADE /* LaunchScreen.xib */; };
		31DF26281A8EBECF009C1ADE /* SplitsvilleTests.m in Sources */ = {isa = PBXBuildFile; fileRef = 31DF26271A8EBECF009C1ADE /* SplitsvilleTests.m */; };
		31DF26331A8EBF1D009C1ADE /* ArticleTableViewCell.m in Sources */ = {isa = PBXBuildFile; fileRef = 31DF26321A8EBF1D009C1ADE /* ArticleTableViewCell.m */; };
		31DF26361A8EBFD2009C1ADE /* MyDataFetchClass.m in Sources */ = {isa = PBXBuildFile; fileRef = 31DF26351A8EBFD2009C1ADE /* MyDataFetchClass.m */; };
/* End PBXBuildFile section */

/* Begin PBXContainerItemProxy section */
		31DF26221A8EBECF009C1ADE /* PBXContainerItemProxy */ = {
			isa = PBXContainerItemProxy;
			containerPortal = 31DF25FD1A8EBECF009C1ADE /* Project object */;
			proxyType = 1;
			remoteGlobalIDString = 31DF26041A8EBECF009C1ADE;
			remoteInfo = Splitsville;
		};
/* End PBXContainerItemProxy section */

/* Begin PBXFileReference section */
		31275A9A1A91322A0098C13C /* BookmarkTableViewCell.h */ = {isa = PBXFileReference; fileEncoding = 4; lastKnownFileType = sourcecode.c.h; path = BookmarkTableViewCell.h; sourceTree = "<group>"; };
		31275A9B1A91322A0098C13C /* BookmarkTableViewCell.m */ = {isa = PBXFileReference; fileEncoding = 4; lastKnownFileType = sourcecode.c.objc; path = BookmarkTableViewCell.m; sourceTree = "<group>"; };
		3147A9CA1A95A68400E1A97C /* Settings.bundle */ = {isa = PBXFileReference; lastKnownFileType = "wrapper.plug-in"; path = Settings.bundle; sourceTree = "<group>"; };
		31A989591A91C932004BEE4D /* BookmarkTableViewController.h */ = {isa = PBXFileReference; fileEncoding = 4; lastKnownFileType = sourcecode.c.h; path = BookmarkTableViewController.h; sourceTree = "<group>"; };
		31A9895A1A91C932004BEE4D /* BookmarkTableViewController.m */ = {isa = PBXFileReference; fileEncoding = 4; lastKnownFileType = sourcecode.c.objc; path = BookmarkTableViewController.m; sourceTree = "<group>"; };
		31C42B8C1A9273F400F1616D /* UIKit.framework */ = {isa = PBXFileReference; lastKnownFileType = wrapper.framework; name = UIKit.framework; path = System/Library/Frameworks/UIKit.framework; sourceTree = SDKROOT; };
		31C42B8E1A9273FA00F1616D /* Social.framework */ = {isa = PBXFileReference; lastKnownFileType = wrapper.framework; name = Social.framework; path = System/Library/Frameworks/Social.framework; sourceTree = SDKROOT; };
		31DF26051A8EBECF009C1ADE /* Splitsville.app */ = {isa = PBXFileReference; explicitFileType = wrapper.application; includeInIndex = 0; path = Splitsville.app; sourceTree = BUILT_PRODUCTS_DIR; };
		31DF26091A8EBECF009C1ADE /* Info.plist */ = {isa = PBXFileReference; lastKnownFileType = text.plist.xml; path = Info.plist; sourceTree = "<group>"; };
		31DF260A1A8EBECF009C1ADE /* main.m */ = {isa = PBXFileReference; lastKnownFileType = sourcecode.c.objc; path = main.m; sourceTree = "<group>"; };
		31DF260C1A8EBECF009C1ADE /* AppDelegate.h */ = {isa = PBXFileReference; lastKnownFileType = sourcecode.c.h; path = AppDelegate.h; sourceTree = "<group>"; };
		31DF260D1A8EBECF009C1ADE /* AppDelegate.m */ = {isa = PBXFileReference; lastKnownFileType = sourcecode.c.objc; path = AppDelegate.m; sourceTree = "<group>"; };
		31DF260F1A8EBECF009C1ADE /* MasterViewController.h */ = {isa = PBXFileReference; lastKnownFileType = sourcecode.c.h; path = MasterViewController.h; sourceTree = "<group>"; };
		31DF26101A8EBECF009C1ADE /* MasterViewController.m */ = {isa = PBXFileReference; lastKnownFileType = sourcecode.c.objc; path = MasterViewController.m; sourceTree = "<group>"; };
		31DF26121A8EBECF009C1ADE /* DetailViewController.h */ = {isa = PBXFileReference; lastKnownFileType = sourcecode.c.h; path = DetailViewController.h; sourceTree = "<group>"; };
		31DF26131A8EBECF009C1ADE /* DetailViewController.m */ = {isa = PBXFileReference; lastKnownFileType = sourcecode.c.objc; path = DetailViewController.m; sourceTree = "<group>"; };
		31DF26161A8EBECF009C1ADE /* Base */ = {isa = PBXFileReference; lastKnownFileType = file.storyboard; name = Base; path = Base.lproj/Main.storyboard; sourceTree = "<group>"; };
		31DF26181A8EBECF009C1ADE /* Images.xcassets */ = {isa = PBXFileReference; lastKnownFileType = folder.assetcatalog; path = Images.xcassets; sourceTree = "<group>"; };
		31DF261B1A8EBECF009C1ADE /* Base */ = {isa = PBXFileReference; lastKnownFileType = file.xib; name = Base; path = Base.lproj/LaunchScreen.xib; sourceTree = "<group>"; };
		31DF26211A8EBECF009C1ADE /* SplitsvilleTests.xctest */ = {isa = PBXFileReference; explicitFileType = wrapper.cfbundle; includeInIndex = 0; path = SplitsvilleTests.xctest; sourceTree = BUILT_PRODUCTS_DIR; };
		31DF26261A8EBECF009C1ADE /* Info.plist */ = {isa = PBXFileReference; lastKnownFileType = text.plist.xml; path = Info.plist; sourceTree = "<group>"; };
		31DF26271A8EBECF009C1ADE /* SplitsvilleTests.m */ = {isa = PBXFileReference; lastKnownFileType = sourcecode.c.objc; path = SplitsvilleTests.m; sourceTree = "<group>"; };
		31DF26311A8EBF1D009C1ADE /* ArticleTableViewCell.h */ = {isa = PBXFileReference; fileEncoding = 4; lastKnownFileType = sourcecode.c.h; path = ArticleTableViewCell.h; sourceTree = "<group>"; };
		31DF26321A8EBF1D009C1ADE /* ArticleTableViewCell.m */ = {isa = PBXFileReference; fileEncoding = 4; lastKnownFileType = sourcecode.c.objc; path = ArticleTableViewCell.m; sourceTree = "<group>"; };
		31DF26341A8EBFD2009C1ADE /* MyDataFetchClass.h */ = {isa = PBXFileReference; fileEncoding = 4; lastKnownFileType = sourcecode.c.h; path = MyDataFetchClass.h; sourceTree = "<group>"; };
		31DF26351A8EBFD2009C1ADE /* MyDataFetchClass.m */ = {isa = PBXFileReference; fileEncoding = 4; lastKnownFileType = sourcecode.c.objc; path = MyDataFetchClass.m; sourceTree = "<group>"; };
/* End PBXFileReference section */

/* Begin PBXFrameworksBuildPhase section */
		31DF26021A8EBECF009C1ADE /* Frameworks */ = {
			isa = PBXFrameworksBuildPhase;
			buildActionMask = 2147483647;
			files = (
				31C42B8F1A9273FA00F1616D /* Social.framework in Frameworks */,
				31C42B8D1A9273F400F1616D /* UIKit.framework in Frameworks */,
			);
			runOnlyForDeploymentPostprocessing = 0;
		};
		31DF261E1A8EBECF009C1ADE /* Frameworks */ = {
			isa = PBXFrameworksBuildPhase;
			buildActionMask = 2147483647;
			files = (
			);
			runOnlyForDeploymentPostprocessing = 0;
		};
/* End PBXFrameworksBuildPhase section */

/* Begin PBXGroup section */
		31DF25FC1A8EBECF009C1ADE = {
			isa = PBXGroup;
			children = (
				31C42B8E1A9273FA00F1616D /* Social.framework */,
				31C42B8C1A9273F400F1616D /* UIKit.framework */,
				31DF26071A8EBECF009C1ADE /* Splitsville */,
				31DF26241A8EBECF009C1ADE /* SplitsvilleTests */,
				31DF26061A8EBECF009C1ADE /* Products */,
			);
			sourceTree = "<group>";
		};
		31DF26061A8EBECF009C1ADE /* Products */ = {
			isa = PBXGroup;
			children = (
				31DF26051A8EBECF009C1ADE /* Splitsville.app */,
				31DF26211A8EBECF009C1ADE /* SplitsvilleTests.xctest */,
			);
			name = Products;
			sourceTree = "<group>";
		};
		31DF26071A8EBECF009C1ADE /* Splitsville */ = {
			isa = PBXGroup;
			children = (
				31DF260C1A8EBECF009C1ADE /* AppDelegate.h */,
				31DF260D1A8EBECF009C1ADE /* AppDelegate.m */,
				31DF260F1A8EBECF009C1ADE /* MasterViewController.h */,
				31DF26101A8EBECF009C1ADE /* MasterViewController.m */,
				31DF26121A8EBECF009C1ADE /* DetailViewController.h */,
				31DF26131A8EBECF009C1ADE /* DetailViewController.m */,
				31DF26151A8EBECF009C1ADE /* Main.storyboard */,
				31A989591A91C932004BEE4D /* BookmarkTableViewController.h */,
				31A9895A1A91C932004BEE4D /* BookmarkTableViewController.m */,
				3147A9CA1A95A68400E1A97C /* Settings.bundle */,
				31275A9A1A91322A0098C13C /* BookmarkTableViewCell.h */,
				31275A9B1A91322A0098C13C /* BookmarkTableViewCell.m */,
				31DF26341A8EBFD2009C1ADE /* MyDataFetchClass.h */,
				31DF26351A8EBFD2009C1ADE /* MyDataFetchClass.m */,
				31DF26311A8EBF1D009C1ADE /* ArticleTableViewCell.h */,
				31DF26321A8EBF1D009C1ADE /* ArticleTableViewCell.m */,
				31DF26181A8EBECF009C1ADE /* Images.xcassets */,
				31DF261A1A8EBECF009C1ADE /* LaunchScreen.xib */,
				31DF26081A8EBECF009C1ADE /* Supporting Files */,
			);
			path = Splitsville;
			sourceTree = "<group>";
		};
		31DF26081A8EBECF009C1ADE /* Supporting Files */ = {
			isa = PBXGroup;
			children = (
				31DF26091A8EBECF009C1ADE /* Info.plist */,
				31DF260A1A8EBECF009C1ADE /* main.m */,
			);
			name = "Supporting Files";
			sourceTree = "<group>";
		};
		31DF26241A8EBECF009C1ADE /* SplitsvilleTests */ = {
			isa = PBXGroup;
			children = (
				31DF26271A8EBECF009C1ADE /* SplitsvilleTests.m */,
				31DF26251A8EBECF009C1ADE /* Supporting Files */,
			);
			path = SplitsvilleTests;
			sourceTree = "<group>";
		};
		31DF26251A8EBECF009C1ADE /* Supporting Files */ = {
			isa = PBXGroup;
			children = (
				31DF26261A8EBECF009C1ADE /* Info.plist */,
			);
			name = "Supporting Files";
			sourceTree = "<group>";
		};
/* End PBXGroup section */

/* Begin PBXNativeTarget section */
		31DF26041A8EBECF009C1ADE /* Splitsville */ = {
			isa = PBXNativeTarget;
			buildConfigurationList = 31DF262B1A8EBECF009C1ADE /* Build configuration list for PBXNativeTarget "Splitsville" */;
			buildPhases = (
				31DF26011A8EBECF009C1ADE /* Sources */,
				31DF26021A8EBECF009C1ADE /* Frameworks */,
				31DF26031A8EBECF009C1ADE /* Resources */,
			);
			buildRules = (
			);
			dependencies = (
			);
			name = Splitsville;
			productName = Splitsville;
			productReference = 31DF26051A8EBECF009C1ADE /* Splitsville.app */;
			productType = "com.apple.product-type.application";
		};
		31DF26201A8EBECF009C1ADE /* SplitsvilleTests */ = {
			isa = PBXNativeTarget;
			buildConfigurationList = 31DF262E1A8EBECF009C1ADE /* Build configuration list for PBXNativeTarget "SplitsvilleTests" */;
			buildPhases = (
				31DF261D1A8EBECF009C1ADE /* Sources */,
				31DF261E1A8EBECF009C1ADE /* Frameworks */,
				31DF261F1A8EBECF009C1ADE /* Resources */,
			);
			buildRules = (
			);
			dependencies = (
				31DF26231A8EBECF009C1ADE /* PBXTargetDependency */,
			);
			name = SplitsvilleTests;
			productName = SplitsvilleTests;
			productReference = 31DF26211A8EBECF009C1ADE /* SplitsvilleTests.xctest */;
			productType = "com.apple.product-type.bundle.unit-test";
		};
/* End PBXNativeTarget section */

/* Begin PBXProject section */
		31DF25FD1A8EBECF009C1ADE /* Project object */ = {
			isa = PBXProject;
			attributes = {
				LastUpgradeCheck = 0610;
				ORGANIZATIONNAME = "Alice Chang";
				TargetAttributes = {
					31DF26041A8EBECF009C1ADE = {
						CreatedOnToolsVersion = 6.1.1;
					};
					31DF26201A8EBECF009C1ADE = {
						CreatedOnToolsVersion = 6.1.1;
						TestTargetID = 31DF26041A8EBECF009C1ADE;
					};
				};
			};
			buildConfigurationList = 31DF26001A8EBECF009C1ADE /* Build configuration list for PBXProject "Splitsville" */;
			compatibilityVersion = "Xcode 3.2";
			developmentRegion = English;
			hasScannedForEncodings = 0;
			knownRegions = (
				en,
				Base,
			);
			mainGroup = 31DF25FC1A8EBECF009C1ADE;
			productRefGroup = 31DF26061A8EBECF009C1ADE /* Products */;
			projectDirPath = "";
			projectRoot = "";
			targets = (
				31DF26041A8EBECF009C1ADE /* Splitsville */,
				31DF26201A8EBECF009C1ADE /* SplitsvilleTests */,
			);
		};
/* End PBXProject section */

/* Begin PBXResourcesBuildPhase section */
		31DF26031A8EBECF009C1ADE /* Resources */ = {
			isa = PBXResourcesBuildPhase;
			buildActionMask = 2147483647;
			files = (
				3147A9CB1A95A68400E1A97C /* Settings.bundle in Resources */,
				31DF26171A8EBECF009C1ADE /* Main.storyboard in Resources */,
				31DF261C1A8EBECF009C1ADE /* LaunchScreen.xib in Resources */,
				31DF26191A8EBECF009C1ADE /* Images.xcassets in Resources */,
			);
			runOnlyForDeploymentPostprocessing = 0;
		};
		31DF261F1A8EBECF009C1ADE /* Resources */ = {
			isa = PBXResourcesBuildPhase;
			buildActionMask = 2147483647;
			files = (
			);
			runOnlyForDeploymentPostprocessing = 0;
		};
/* End PBXResourcesBuildPhase section */

/* Begin PBXSourcesBuildPhase section */
		31DF26011A8EBECF009C1ADE /* Sources */ = {
			isa = PBXSourcesBuildPhase;
			buildActionMask = 2147483647;
			files = (
				31DF260E1A8EBECF009C1ADE /* AppDelegate.m in Sources */,
				31DF26111A8EBECF009C1ADE /* MasterViewController.m in Sources */,
				31A9895B1A91C932004BEE4D /* BookmarkTableViewController.m in Sources */,
				31275A9C1A91322A0098C13C /* BookmarkTableViewCell.m in Sources */,
				31DF260B1A8EBECF009C1ADE /* main.m in Sources */,
				31DF26361A8EBFD2009C1ADE /* MyDataFetchClass.m in Sources */,
				31DF26331A8EBF1D009C1ADE /* ArticleTableViewCell.m in Sources */,
				31DF26141A8EBECF009C1ADE /* DetailViewController.m in Sources */,
			);
			runOnlyForDeploymentPostprocessing = 0;
		};
		31DF261D1A8EBECF009C1ADE /* Sources */ = {
			isa = PBXSourcesBuildPhase;
			buildActionMask = 2147483647;
			files = (
				31DF26281A8EBECF009C1ADE /* SplitsvilleTests.m in Sources */,
			);
			runOnlyForDeploymentPostprocessing = 0;
		};
/* End PBXSourcesBuildPhase section */

/* Begin PBXTargetDependency section */
		31DF26231A8EBECF009C1ADE /* PBXTargetDependency */ = {
			isa = PBXTargetDependency;
			target = 31DF26041A8EBECF009C1ADE /* Splitsville */;
			targetProxy = 31DF26221A8EBECF009C1ADE /* PBXContainerItemProxy */;
		};
/* End PBXTargetDependency section */

/* Begin PBXVariantGroup section */
		31DF26151A8EBECF009C1ADE /* Main.storyboard */ = {
			isa = PBXVariantGroup;
			children = (
				31DF26161A8EBECF009C1ADE /* Base */,
			);
			name = Main.storyboard;
			sourceTree = "<group>";
		};
		31DF261A1A8EBECF009C1ADE /* LaunchScreen.xib */ = {
			isa = PBXVariantGroup;
			children = (
				31DF261B1A8EBECF009C1ADE /* Base */,
			);
			name = LaunchScreen.xib;
			sourceTree = "<group>";
		};
/* End PBXVariantGroup section */

/* Begin XCBuildConfiguration section */
		31DF26291A8EBECF009C1ADE /* Debug */ = {
			isa = XCBuildConfiguration;
			buildSettings = {
				ALWAYS_SEARCH_USER_PATHS = NO;
				CLANG_CXX_LANGUAGE_STANDARD = "gnu++0x";
				CLANG_CXX_LIBRARY = "libc++";
				CLANG_ENABLE_MODULES = YES;
				CLANG_ENABLE_OBJC_ARC = YES;
				CLANG_WARN_BOOL_CONVERSION = YES;
				CLANG_WARN_CONSTANT_CONVERSION = YES;
				CLANG_WARN_DIRECT_OBJC_ISA_USAGE = YES_ERROR;
				CLANG_WARN_EMPTY_BODY = YES;
				CLANG_WARN_ENUM_CONVERSION = YES;
				CLANG_WARN_INT_CONVERSION = YES;
				CLANG_WARN_OBJC_ROOT_CLASS = YES_ERROR;
				CLANG_WARN_UNREACHABLE_CODE = YES;
				CLANG_WARN__DUPLICATE_METHOD_MATCH = YES;
				"CODE_SIGN_IDENTITY[sdk=iphoneos*]" = "iPhone Developer";
				COPY_PHASE_STRIP = NO;
				ENABLE_STRICT_OBJC_MSGSEND = YES;
				GCC_C_LANGUAGE_STANDARD = gnu99;
				GCC_DYNAMIC_NO_PIC = NO;
				GCC_OPTIMIZATION_LEVEL = 0;
				GCC_PREPROCESSOR_DEFINITIONS = (
					"DEBUG=1",
					"$(inherited)",
				);
				GCC_SYMBOLS_PRIVATE_EXTERN = NO;
				GCC_WARN_64_TO_32_BIT_CONVERSION = YES;
				GCC_WARN_ABOUT_RETURN_TYPE = YES_ERROR;
				GCC_WARN_UNDECLARED_SELECTOR = YES;
				GCC_WARN_UNINITIALIZED_AUTOS = YES_AGGRESSIVE;
				GCC_WARN_UNUSED_FUNCTION = YES;
				GCC_WARN_UNUSED_VARIABLE = YES;
				IPHONEOS_DEPLOYMENT_TARGET = 8.1;
				MTL_ENABLE_DEBUG_INFO = YES;
				ONLY_ACTIVE_ARCH = YES;
				SDKROOT = iphoneos;
				TARGETED_DEVICE_FAMILY = 2;
			};
			name = Debug;
		};
		31DF262A1A8EBECF009C1ADE /* Release */ = {
			isa = XCBuildConfiguration;
			buildSettings = {
				ALWAYS_SEARCH_USER_PATHS = NO;
				CLANG_CXX_LANGUAGE_STANDARD = "gnu++0x";
				CLANG_CXX_LIBRARY = "libc++";
				CLANG_ENABLE_MODULES = YES;
				CLANG_ENABLE_OBJC_ARC = YES;
				CLANG_WARN_BOOL_CONVERSION = YES;
				CLANG_WARN_CONSTANT_CONVERSION = YES;
				CLANG_WARN_DIRECT_OBJC_ISA_USAGE = YES_ERROR;
				CLANG_WARN_EMPTY_BODY = YES;
				CLANG_WARN_ENUM_CONVERSION = YES;
				CLANG_WARN_INT_CONVERSION = YES;
				CLANG_WARN_OBJC_ROOT_CLASS = YES_ERROR;
				CLANG_WARN_UNREACHABLE_CODE = YES;
				CLANG_WARN__DUPLICATE_METHOD_MATCH = YES;
				"CODE_SIGN_IDENTITY[sdk=iphoneos*]" = "iPhone Developer";
				COPY_PHASE_STRIP = YES;
				ENABLE_NS_ASSERTIONS = NO;
				ENABLE_STRICT_OBJC_MSGSEND = YES;
				GCC_C_LANGUAGE_STANDARD = gnu99;
				GCC_WARN_64_TO_32_BIT_CONVERSION = YES;
				GCC_WARN_ABOUT_RETURN_TYPE = YES_ERROR;
				GCC_WARN_UNDECLARED_SELECTOR = YES;
				GCC_WARN_UNINITIALIZED_AUTOS = YES_AGGRESSIVE;
				GCC_WARN_UNUSED_FUNCTION = YES;
				GCC_WARN_UNUSED_VARIABLE = YES;
				IPHONEOS_DEPLOYMENT_TARGET = 8.1;
				MTL_ENABLE_DEBUG_INFO = NO;
				SDKROOT = iphoneos;
				TARGETED_DEVICE_FAMILY = 2;
				VALIDATE_PRODUCT = YES;
			};
			name = Release;
		};
		31DF262C1A8EBECF009C1ADE /* Debug */ = {
			isa = XCBuildConfiguration;
			buildSettings = {
				ASSETCATALOG_COMPILER_APPICON_NAME = AppIcon;
				INFOPLIST_FILE = Splitsville/Info.plist;
				LD_RUNPATH_SEARCH_PATHS = "$(inherited) @executable_path/Frameworks";
				PRODUCT_NAME = "$(TARGET_NAME)";
				TARGETED_DEVICE_FAMILY = "1,2";
			};
			name = Debug;
		};
		31DF262D1A8EBECF009C1ADE /* Release */ = {
			isa = XCBuildConfiguration;
			buildSettings = {
				ASSETCATALOG_COMPILER_APPICON_NAME = AppIcon;
				INFOPLIST_FILE = Splitsville/Info.plist;
				LD_RUNPATH_SEARCH_PATHS = "$(inherited) @executable_path/Frameworks";
				PRODUCT_NAME = "$(TARGET_NAME)";
				TARGETED_DEVICE_FAMILY = "1,2";
			};
			name = Release;
		};
		31DF262F1A8EBECF009C1ADE /* Debug */ = {
			isa = XCBuildConfiguration;
			buildSettings = {
				BUNDLE_LOADER = "$(TEST_HOST)";
				FRAMEWORK_SEARCH_PATHS = (
					"$(SDKROOT)/Developer/Library/Frameworks",
					"$(inherited)",
				);
				GCC_PREPROCESSOR_DEFINITIONS = (
					"DEBUG=1",
					"$(inherited)",
				);
				INFOPLIST_FILE = SplitsvilleTests/Info.plist;
				LD_RUNPATH_SEARCH_PATHS = "$(inherited) @executable_path/Frameworks @loader_path/Frameworks";
				PRODUCT_NAME = "$(TARGET_NAME)";
				TEST_HOST = "$(BUILT_PRODUCTS_DIR)/Splitsville.app/Splitsville";
			};
			name = Debug;
		};
		31DF26301A8EBECF009C1ADE /* Release */ = {
			isa = XCBuildConfiguration;
			buildSettings = {
				BUNDLE_LOADER = "$(TEST_HOST)";
				FRAMEWORK_SEARCH_PATHS = (
					"$(SDKROOT)/Developer/Library/Frameworks",
					"$(inherited)",
				);
				INFOPLIST_FILE = SplitsvilleTests/Info.plist;
				LD_RUNPATH_SEARCH_PATHS = "$(inherited) @executable_path/Frameworks @loader_path/Frameworks";
				PRODUCT_NAME = "$(TARGET_NAME)";
				TEST_HOST = "$(BUILT_PRODUCTS_DIR)/Splitsville.app/Splitsville";
			};
			name = Release;
		};
/* End XCBuildConfiguration section */

/* Begin XCConfigurationList section */
		31DF26001A8EBECF009C1ADE /* Build configuration list for PBXProject "Splitsville" */ = {
			isa = XCConfigurationList;
			buildConfigurations = (
				31DF26291A8EBECF009C1ADE /* Debug */,
				31DF262A1A8EBECF009C1ADE /* Release */,
			);
			defaultConfigurationIsVisible = 0;
			defaultConfigurationName = Release;
		};
		31DF262B1A8EBECF009C1ADE /* Build configuration list for PBXNativeTarget "Splitsville" */ = {
			isa = XCConfigurationList;
			buildConfigurations = (
				31DF262C1A8EBECF009C1ADE /* Debug */,
				31DF262D1A8EBECF009C1ADE /* Release */,
			);
			defaultConfigurationIsVisible = 0;
			defaultConfigurationName = Release;
		};
		31DF262E1A8EBECF009C1ADE /* Build configuration list for PBXNativeTarget "SplitsvilleTests" */ = {
			isa = XCConfigurationList;
			buildConfigurations = (
				31DF262F1A8EBECF009C1ADE /* Debug */,
				31DF26301A8EBECF009C1ADE /* Release */,
			);
			defaultConfigurationIsVisible = 0;
			defaultConfigurationName = Release;
		};
/* End XCConfigurationList section */
	};
	rootObject = 31DF25FD1A8EBECF009C1ADE /* Project object */;
}
